
Microsoft Visual Studio Solution File, Format Version 12.00
# Visual Studio Version 17
VisualStudioVersion = 17.1.32113.165
MinimumVisualStudioVersion = 10.0.40219.1
Project("{9A19103F-16F7-4668-BE54-9A1E7A4F7556}") = "Full-DAR-Redaction", "Full-DAR-Redaction\Full-DAR-Redaction.csproj", "{1F6A5ED6-AA0F-4307-9B88-8F2D34C162D4}"
EndProject
Project("{FAE04EC0-301F-11D3-BF4B-00C04F79EFBC}") = "RedactionLibrary", "RedactionLibrary\RedactionLibrary.csproj", "{8C9DCD1E-8E4E-4CD9-BEFC-68D17A8B3855}"
EndProject
Project("{FAE04EC0-301F-11D3-BF4B-00C04F79EFBC}") = "SeleniumTests", "SeleniumTests\SeleniumTests.csproj", "{B7410CA2-B91A-4958-8FFC-B966F5CEDF93}"
EndProject
Global
	GlobalSection(SolutionConfigurationPlatforms) = preSolution
		Debug|Any CPU = Debug|Any CPU
		Release|Any CPU = Release|Any CPU
	EndGlobalSection
	GlobalSection(ProjectConfigurationPlatforms) = postSolution
		{1F6A5ED6-AA0F-4307-9B88-8F2D34C162D4}.Debug|Any CPU.ActiveCfg = Debug|Any CPU
		{1F6A5ED6-AA0F-4307-9B88-8F2D34C162D4}.Debug|Any CPU.Build.0 = Debug|Any CPU
		{1F6A5ED6-AA0F-4307-9B88-8F2D34C162D4}.Release|Any CPU.ActiveCfg = Release|Any CPU
		{1F6A5ED6-AA0F-4307-9B88-8F2D34C162D4}.Release|Any CPU.Build.0 = Release|Any CPU
                {8C9DCD1E-8E4E-4CD9-BEFC-68D17A8B3855}.Debug|Any CPU.ActiveCfg = Debug|Any CPU
                {8C9DCD1E-8E4E-4CD9-BEFC-68D17A8B3855}.Debug|Any CPU.Build.0 = Debug|Any CPU
                {8C9DCD1E-8E4E-4CD9-BEFC-68D17A8B3855}.Release|Any CPU.ActiveCfg = Release|Any CPU
                {8C9DCD1E-8E4E-4CD9-BEFC-68D17A8B3855}.Release|Any CPU.Build.0 = Release|Any CPU
                {B7410CA2-B91A-4958-8FFC-B966F5CEDF93}.Debug|Any CPU.ActiveCfg = Debug|Any CPU
                {B7410CA2-B91A-4958-8FFC-B966F5CEDF93}.Debug|Any CPU.Build.0 = Debug|Any CPU
                {B7410CA2-B91A-4958-8FFC-B966F5CEDF93}.Release|Any CPU.ActiveCfg = Release|Any CPU
                {B7410CA2-B91A-4958-8FFC-B966F5CEDF93}.Release|Any CPU.Build.0 = Release|Any CPU
        EndGlobalSection
	GlobalSection(SolutionProperties) = preSolution
		HideSolutionNode = FALSE
	EndGlobalSection
	GlobalSection(ExtensibilityGlobals) = postSolution
		SolutionGuid = {58E9B402-B5F1-42CB-B47D-7D360BDA8265}
	EndGlobalSection
EndGlobal
